{
  "requires": true,
  "lockfileVersion": 1,
  "dependencies": {
    "lodash": {
      "version": "4.17.21",
      "resolved": "https://registry.npmjs.org/lodash/-/lodash-4.17.21.tgz",
      "integrity": "sha512-v2kDEe57lecTulaDIuNTPy3Ry4gLGJ6Z1O3vE1krgXZNrsQ+LFTGHVxVjcXPs17LhbZVGedAJv8XZ1tvj5FvSg=="
    },
    "webpack-merge": {
      "version": "4.1.5",
      "resolved": "https://registry.npmjs.org/webpack-merge/-/webpack-merge-4.1.5.tgz",
      "integrity": "sha512-sVcM+MMJv6DO0C0GLLltx8mUlGMKXE0zBsuMqZ9jz2X9gsekALw6Rs0cAfTWc97VuWS6NpVUa78959zANnMMLQ==",
      "dev": true,
      "requires": {
        "lodash": "^4.17.5"
      }
    }
  }
}
